# THIS IS AN AUTOGENERATED FILE. DO NOT EDIT THIS FILE DIRECTLY.
# yarn lockfile v1


edge-cs@1.2.1:
  version "1.2.1"
  resolved "https://registry.yarnpkg.com/edge-cs/-/edge-cs-1.2.1.tgz#bd1a9ecdb94ef0ed40c894582046749e57045e5a"
  integrity sha1-vRqezblO8O1AyJRYIEZ0nlcEXlo=

edge-js@^12.3.1:
  version "12.3.1"
  resolved "https://registry.yarnpkg.com/edge-js/-/edge-js-12.3.1.tgz#fbf6d0ee6dd217a54320d8266aa58d42f9b84f63"
  integrity sha512-462ULqher3F8x96zuh+LBMpOp8/o4GBTHhxJqVEb0aiii/mir+Ch3uLhcstkaBJ11DS1Peo+CZRAaEXXfifQYg==
  dependencies:
    edge-cs "1.2.1"
    nan "^2.14.0"

nan@^2.14.0:
  version "2.14.0"
  resolved "https://registry.yarnpkg.com/nan/-/nan-2.14.0.tgz#7818f722027b2459a86f0295d434d1fc2336c52c"
  integrity sha512-INOFj37C7k3AfaNTtX8RhsTw7qRy7eLET14cROi9+5HAVbbHuIWUHEauBv5qT4Av2tWasiTY1Jw6puUNqRJXQg==

node-uuid@*:
  version "1.4.8"
  resolved "https://registry.yarnpkg.com/node-uuid/-/node-uuid-1.4.8.tgz#b040eb0923968afabf8d32fb1f17f1167fdab907"
  integrity sha1-sEDrCSOWivq/jTL7HxfxFn/auQc=
